
Microsoft Visual Studio Solution File, Format Version 12.00
# Visual Studio 15
VisualStudioVersion = 15.0.34112.143
MinimumVisualStudioVersion = 10.0.40219.1
Project("{8BC9CEB8-8B4A-11D0-8D11-00A0C91BC942}") = "LK1", "LK1\LK1.vcxproj", "{70BCB7E9-A466-4E5C-B098-33B71BA0F704}"
EndProject
Global
	GlobalSection(SolutionConfigurationPlatforms) = preSolution
		Debug|x64 = Debug|x64
		Debug|x86 = Debug|x86
		Release|x64 = Release|x64
		Release|x86 = Release|x86
	EndGlobalSection
	GlobalSection(ProjectConfigurationPlatforms) = postSolution
		{70BCB7E9-A466-4E5C-B098-33B71BA0F704}.Debug|x64.ActiveCfg = Debug|x64
		{70BCB7E9-A466-4E5C-B098-33B71BA0F704}.Debug|x64.Build.0 = Debug|x64
		{70BCB7E9-A466-4E5C-B098-33B71BA0F704}.Debug|x86.ActiveCfg = Debug|Win32
		{70BCB7E9-A466-4E5C-B098-33B71BA0F704}.Debug|x86.Build.0 = Debug|Win32
		{70BCB7E9-A466-4E5C-B098-33B71BA0F704}.Release|x64.ActiveCfg = Release|x64
		{70BCB7E9-A466-4E5C-B098-33B71BA0F704}.Release|x64.Build.0 = Release|x64
		{70BCB7E9-A466-4E5C-B098-33B71BA0F704}.Release|x86.ActiveCfg = Release|Win32
		{70BCB7E9-A466-4E5C-B098-33B71BA0F704}.Release|x86.Build.0 = Release|Win32
	EndGlobalSection
	GlobalSection(SolutionProperties) = preSolution
		HideSolutionNode = FALSE
	EndGlobalSection
	GlobalSection(ExtensibilityGlobals) = postSolution
		SolutionGuid = {9013731A-E757-40B9-8181-C5EF01A872A7}
	EndGlobalSection
EndGlobal
